
Microsoft Visual Studio Solution File, Format Version 12.00
# Visual Studio Version 16
VisualStudioVersion = 16.0.31729.503
MinimumVisualStudioVersion = 10.0.40219.1
Project("{FAE04EC0-301F-11D3-BF4B-00C04F79EFBC}") = "PlayDate.WebMVC", "PlayDate.WebMVC\PlayDate.WebMVC.csproj", "{D2FD794F-4DC1-45A9-8AEA-413F8245F372}"
EndProject
Project("{FAE04EC0-301F-11D3-BF4B-00C04F79EFBC}") = "PlayDate.Data", "PlayDate.Data\PlayDate.Data.csproj", "{2C172003-5573-409D-9E33-94995B7A8FF0}"
EndProject
Project("{FAE04EC0-301F-11D3-BF4B-00C04F79EFBC}") = "PlayDate.Models", "PlayDate.Models\PlayDate.Models.csproj", "{BFEAFCC9-7E58-4149-AAB2-C37FE87CBF1E}"
EndProject
Project("{FAE04EC0-301F-11D3-BF4B-00C04F79EFBC}") = "PlayDate.Services", "PlayDate.Services\PlayDate.Services.csproj", "{E246101A-B10F-495B-8445-A645563681B3}"
EndProject
Project("{FAE04EC0-301F-11D3-BF4B-00C04F79EFBC}") = "PlayDate.Contracts", "PlayDate.Contracts\PlayDate.Contracts.csproj", "{27B7E0BF-5E85-411F-BD69-C50C46E98078}"
EndProject
Project("{FAE04EC0-301F-11D3-BF4B-00C04F79EFBC}") = "PlayDate.Tests", "PlayDate.Tests\PlayDate.Tests.csproj", "{77A61695-C9EC-451A-9B0D-CE8B6F11A1DC}"
EndProject
Global
	GlobalSection(SolutionConfigurationPlatforms) = preSolution
		Debug|Any CPU = Debug|Any CPU
		Release|Any CPU = Release|Any CPU
	EndGlobalSection
	GlobalSection(ProjectConfigurationPlatforms) = postSolution
		{D2FD794F-4DC1-45A9-8AEA-413F8245F372}.Debug|Any CPU.ActiveCfg = Debug|Any CPU
		{D2FD794F-4DC1-45A9-8AEA-413F8245F372}.Debug|Any CPU.Build.0 = Debug|Any CPU
		{D2FD794F-4DC1-45A9-8AEA-413F8245F372}.Release|Any CPU.ActiveCfg = Release|Any CPU
		{D2FD794F-4DC1-45A9-8AEA-413F8245F372}.Release|Any CPU.Build.0 = Release|Any CPU
		{2C172003-5573-409D-9E33-94995B7A8FF0}.Debug|Any CPU.ActiveCfg = Debug|Any CPU
		{2C172003-5573-409D-9E33-94995B7A8FF0}.Debug|Any CPU.Build.0 = Debug|Any CPU
		{2C172003-5573-409D-9E33-94995B7A8FF0}.Release|Any CPU.ActiveCfg = Release|Any CPU
		{2C172003-5573-409D-9E33-94995B7A8FF0}.Release|Any CPU.Build.0 = Release|Any CPU
		{BFEAFCC9-7E58-4149-AAB2-C37FE87CBF1E}.Debug|Any CPU.ActiveCfg = Debug|Any CPU
		{BFEAFCC9-7E58-4149-AAB2-C37FE87CBF1E}.Debug|Any CPU.Build.0 = Debug|Any CPU
		{BFEAFCC9-7E58-4149-AAB2-C37FE87CBF1E}.Release|Any CPU.ActiveCfg = Release|Any CPU
		{BFEAFCC9-7E58-4149-AAB2-C37FE87CBF1E}.Release|Any CPU.Build.0 = Release|Any CPU
		{E246101A-B10F-495B-8445-A645563681B3}.Debug|Any CPU.ActiveCfg = Debug|Any CPU
		{E246101A-B10F-495B-8445-A645563681B3}.Debug|Any CPU.Build.0 = Debug|Any CPU
		{E246101A-B10F-495B-8445-A645563681B3}.Release|Any CPU.ActiveCfg = Release|Any CPU
		{E246101A-B10F-495B-8445-A645563681B3}.Release|Any CPU.Build.0 = Release|Any CPU
		{27B7E0BF-5E85-411F-BD69-C50C46E98078}.Debug|Any CPU.ActiveCfg = Debug|Any CPU
		{27B7E0BF-5E85-411F-BD69-C50C46E98078}.Debug|Any CPU.Build.0 = Debug|Any CPU
		{27B7E0BF-5E85-411F-BD69-C50C46E98078}.Release|Any CPU.ActiveCfg = Release|Any CPU
		{27B7E0BF-5E85-411F-BD69-C50C46E98078}.Release|Any CPU.Build.0 = Release|Any CPU
		{77A61695-C9EC-451A-9B0D-CE8B6F11A1DC}.Debug|Any CPU.ActiveCfg = Debug|Any CPU
		{77A61695-C9EC-451A-9B0D-CE8B6F11A1DC}.Debug|Any CPU.Build.0 = Debug|Any CPU
		{77A61695-C9EC-451A-9B0D-CE8B6F11A1DC}.Release|Any CPU.ActiveCfg = Release|Any CPU
		{77A61695-C9EC-451A-9B0D-CE8B6F11A1DC}.Release|Any CPU.Build.0 = Release|Any CPU
	EndGlobalSection
	GlobalSection(SolutionProperties) = preSolution
		HideSolutionNode = FALSE
	EndGlobalSection
	GlobalSection(ExtensibilityGlobals) = postSolution
		SolutionGuid = {42746681-F8C4-4EEB-B7C5-26BF2E54C10A}
	EndGlobalSection
EndGlobal
